{
  "name": "seoftw",
  "lockfileVersion": 2,
  "requires": true,
  "packages": {
    "": {
      "dependencies": {
        "jasmine-core": "^3.7.1"
      }
    },
    "node_modules/jasmine-core": {
      "version": "3.7.1",
      "resolved": "https://registry.npmjs.org/jasmine-core/-/jasmine-core-3.7.1.tgz",
      "integrity": "sha512-DH3oYDS/AUvvr22+xUBW62m1Xoy7tUlY1tsxKEJvl5JeJ7q8zd1K5bUwiOxdH+erj6l2vAMM3hV25Xs9/WrmuQ=="
    }
  },
  "dependencies": {
    "jasmine-core": {
      "version": "3.7.1",
      "resolved": "https://registry.npmjs.org/jasmine-core/-/jasmine-core-3.7.1.tgz",
      "integrity": "sha512-DH3oYDS/AUvvr22+xUBW62m1Xoy7tUlY1tsxKEJvl5JeJ7q8zd1K5bUwiOxdH+erj6l2vAMM3hV25Xs9/WrmuQ=="
    }
  }
}
